
Microsoft Visual Studio Solution File, Format Version 12.00
# Visual Studio Version 17
VisualStudioVersion = 17.1.32228.430
MinimumVisualStudioVersion = 10.0.40219.1
Project("{9A19103F-16F7-4668-BE54-9A1E7A4F7556}") = "WebUI", "WebUI\WebUI.csproj", "{E6B09C67-99C7-4DDB-8F94-6369E4678A41}"
EndProject
Project("{2150E333-8FDC-42A3-9474-1A3956D46DE8}") = "src", "src", "{28394423-006E-4825-8827-D008D696E090}"
EndProject
Project("{9A19103F-16F7-4668-BE54-9A1E7A4F7556}") = "Domain", "Domain\Domain.csproj", "{313B61E5-4DC0-4E94-BA84-DE9C50B5E3DE}"
EndProject
Project("{9A19103F-16F7-4668-BE54-9A1E7A4F7556}") = "Application", "Application\Application.csproj", "{8797C568-4087-4ABA-84D9-BD4411F88DE6}"
EndProject
Project("{9A19103F-16F7-4668-BE54-9A1E7A4F7556}") = "Infrastructure", "Infrastructure\Infrastructure.csproj", "{580BBCB3-09E4-41C7-A08C-E9C7F26626D4}"
EndProject
Project("{2150E333-8FDC-42A3-9474-1A3956D46DE8}") = "tests", "tests", "{021FE4C6-1BD6-4BC7-9CBE-FECC5F7FBC16}"
EndProject
Project("{9A19103F-16F7-4668-BE54-9A1E7A4F7556}") = "Infrastructure.UnitTests", "Infrastructure.UnitTests\Infrastructure.UnitTests.csproj", "{21A87220-AAC2-43B9-AC68-CDBEFA07F0AE}"
EndProject
Project("{9A19103F-16F7-4668-BE54-9A1E7A4F7556}") = "Application.IntegrationTests", "Application.IntegrationTests\Application.IntegrationTests.csproj", "{3D1701F7-9330-4612-A357-ED6831BBDEDB}"
EndProject
Project("{9A19103F-16F7-4668-BE54-9A1E7A4F7556}") = "Application.UnitTests", "Application.UnitTests\Application.UnitTests.csproj", "{6E432E53-5CCD-436D-9483-A451F32253E8}"
EndProject
Project("{9A19103F-16F7-4668-BE54-9A1E7A4F7556}") = "WebUI.UnitTests", "WebUI.UnitTests\WebUI.UnitTests.csproj", "{9C4AEA5E-3874-4116-993F-8E75BA919BB0}"
EndProject
Project("{9A19103F-16F7-4668-BE54-9A1E7A4F7556}") = "Api", "Api\Api.csproj", "{DF2A32A0-C225-43A2-94C3-A0079DC50F33}"
EndProject
Project("{9A19103F-16F7-4668-BE54-9A1E7A4F7556}") = "WebUI.Tests", "WebUI.Tests\WebUI.Tests.csproj", "{F765F6A5-D786-4947-9EF0-D1D7F108B42B}"
EndProject
Project("{2150E333-8FDC-42A3-9474-1A3956D46DE8}") = "Solution Items", "Solution Items", "{CA996673-7CD7-479B-8E78-F4BAB0932880}"
	ProjectSection(SolutionItems) = preProject
		README.md = README.md
	EndProjectSection
EndProject
Global
	GlobalSection(SolutionConfigurationPlatforms) = preSolution
		Debug|Any CPU = Debug|Any CPU
		Release|Any CPU = Release|Any CPU
	EndGlobalSection
	GlobalSection(ProjectConfigurationPlatforms) = postSolution
		{E6B09C67-99C7-4DDB-8F94-6369E4678A41}.Debug|Any CPU.ActiveCfg = Debug|Any CPU
		{E6B09C67-99C7-4DDB-8F94-6369E4678A41}.Debug|Any CPU.Build.0 = Debug|Any CPU
		{E6B09C67-99C7-4DDB-8F94-6369E4678A41}.Release|Any CPU.ActiveCfg = Release|Any CPU
		{E6B09C67-99C7-4DDB-8F94-6369E4678A41}.Release|Any CPU.Build.0 = Release|Any CPU
		{313B61E5-4DC0-4E94-BA84-DE9C50B5E3DE}.Debug|Any CPU.ActiveCfg = Debug|Any CPU
		{313B61E5-4DC0-4E94-BA84-DE9C50B5E3DE}.Debug|Any CPU.Build.0 = Debug|Any CPU
		{313B61E5-4DC0-4E94-BA84-DE9C50B5E3DE}.Release|Any CPU.ActiveCfg = Release|Any CPU
		{313B61E5-4DC0-4E94-BA84-DE9C50B5E3DE}.Release|Any CPU.Build.0 = Release|Any CPU
		{8797C568-4087-4ABA-84D9-BD4411F88DE6}.Debug|Any CPU.ActiveCfg = Debug|Any CPU
		{8797C568-4087-4ABA-84D9-BD4411F88DE6}.Debug|Any CPU.Build.0 = Debug|Any CPU
		{8797C568-4087-4ABA-84D9-BD4411F88DE6}.Release|Any CPU.ActiveCfg = Release|Any CPU
		{8797C568-4087-4ABA-84D9-BD4411F88DE6}.Release|Any CPU.Build.0 = Release|Any CPU
		{580BBCB3-09E4-41C7-A08C-E9C7F26626D4}.Debug|Any CPU.ActiveCfg = Debug|Any CPU
		{580BBCB3-09E4-41C7-A08C-E9C7F26626D4}.Debug|Any CPU.Build.0 = Debug|Any CPU
		{580BBCB3-09E4-41C7-A08C-E9C7F26626D4}.Release|Any CPU.ActiveCfg = Release|Any CPU
		{580BBCB3-09E4-41C7-A08C-E9C7F26626D4}.Release|Any CPU.Build.0 = Release|Any CPU
		{21A87220-AAC2-43B9-AC68-CDBEFA07F0AE}.Debug|Any CPU.ActiveCfg = Debug|Any CPU
		{21A87220-AAC2-43B9-AC68-CDBEFA07F0AE}.Debug|Any CPU.Build.0 = Debug|Any CPU
		{21A87220-AAC2-43B9-AC68-CDBEFA07F0AE}.Release|Any CPU.ActiveCfg = Release|Any CPU
		{21A87220-AAC2-43B9-AC68-CDBEFA07F0AE}.Release|Any CPU.Build.0 = Release|Any CPU
		{3D1701F7-9330-4612-A357-ED6831BBDEDB}.Debug|Any CPU.ActiveCfg = Debug|Any CPU
		{3D1701F7-9330-4612-A357-ED6831BBDEDB}.Debug|Any CPU.Build.0 = Debug|Any CPU
		{3D1701F7-9330-4612-A357-ED6831BBDEDB}.Release|Any CPU.ActiveCfg = Release|Any CPU
		{3D1701F7-9330-4612-A357-ED6831BBDEDB}.Release|Any CPU.Build.0 = Release|Any CPU
		{6E432E53-5CCD-436D-9483-A451F32253E8}.Debug|Any CPU.ActiveCfg = Debug|Any CPU
		{6E432E53-5CCD-436D-9483-A451F32253E8}.Debug|Any CPU.Build.0 = Debug|Any CPU
		{6E432E53-5CCD-436D-9483-A451F32253E8}.Release|Any CPU.ActiveCfg = Release|Any CPU
		{6E432E53-5CCD-436D-9483-A451F32253E8}.Release|Any CPU.Build.0 = Release|Any CPU
		{9C4AEA5E-3874-4116-993F-8E75BA919BB0}.Debug|Any CPU.ActiveCfg = Debug|Any CPU
		{9C4AEA5E-3874-4116-993F-8E75BA919BB0}.Debug|Any CPU.Build.0 = Debug|Any CPU
		{9C4AEA5E-3874-4116-993F-8E75BA919BB0}.Release|Any CPU.ActiveCfg = Release|Any CPU
		{9C4AEA5E-3874-4116-993F-8E75BA919BB0}.Release|Any CPU.Build.0 = Release|Any CPU
		{DF2A32A0-C225-43A2-94C3-A0079DC50F33}.Debug|Any CPU.ActiveCfg = Debug|Any CPU
		{DF2A32A0-C225-43A2-94C3-A0079DC50F33}.Debug|Any CPU.Build.0 = Debug|Any CPU
		{DF2A32A0-C225-43A2-94C3-A0079DC50F33}.Release|Any CPU.ActiveCfg = Release|Any CPU
		{DF2A32A0-C225-43A2-94C3-A0079DC50F33}.Release|Any CPU.Build.0 = Release|Any CPU
		{F765F6A5-D786-4947-9EF0-D1D7F108B42B}.Debug|Any CPU.ActiveCfg = Debug|Any CPU
		{F765F6A5-D786-4947-9EF0-D1D7F108B42B}.Debug|Any CPU.Build.0 = Debug|Any CPU
		{F765F6A5-D786-4947-9EF0-D1D7F108B42B}.Release|Any CPU.ActiveCfg = Release|Any CPU
		{F765F6A5-D786-4947-9EF0-D1D7F108B42B}.Release|Any CPU.Build.0 = Release|Any CPU
	EndGlobalSection
	GlobalSection(SolutionProperties) = preSolution
		HideSolutionNode = FALSE
	EndGlobalSection
	GlobalSection(NestedProjects) = preSolution
		{E6B09C67-99C7-4DDB-8F94-6369E4678A41} = {28394423-006E-4825-8827-D008D696E090}
		{313B61E5-4DC0-4E94-BA84-DE9C50B5E3DE} = {28394423-006E-4825-8827-D008D696E090}
		{8797C568-4087-4ABA-84D9-BD4411F88DE6} = {28394423-006E-4825-8827-D008D696E090}
		{580BBCB3-09E4-41C7-A08C-E9C7F26626D4} = {28394423-006E-4825-8827-D008D696E090}
		{21A87220-AAC2-43B9-AC68-CDBEFA07F0AE} = {021FE4C6-1BD6-4BC7-9CBE-FECC5F7FBC16}
		{3D1701F7-9330-4612-A357-ED6831BBDEDB} = {021FE4C6-1BD6-4BC7-9CBE-FECC5F7FBC16}
		{6E432E53-5CCD-436D-9483-A451F32253E8} = {021FE4C6-1BD6-4BC7-9CBE-FECC5F7FBC16}
		{9C4AEA5E-3874-4116-993F-8E75BA919BB0} = {021FE4C6-1BD6-4BC7-9CBE-FECC5F7FBC16}
		{DF2A32A0-C225-43A2-94C3-A0079DC50F33} = {28394423-006E-4825-8827-D008D696E090}
		{F765F6A5-D786-4947-9EF0-D1D7F108B42B} = {021FE4C6-1BD6-4BC7-9CBE-FECC5F7FBC16}
	EndGlobalSection
	GlobalSection(ExtensibilityGlobals) = postSolution
		SolutionGuid = {634084E3-5010-4E49-BAFE-7CC55DCCCBD1}
	EndGlobalSection
EndGlobal
